
Microsoft Visual Studio Solution File, Format Version 12.00
# Visual Studio Version 16
VisualStudioVersion = 16.0.31624.102
MinimumVisualStudioVersion = 10.0.40219.1
Project("{FAE04EC0-301F-11D3-BF4B-00C04F79EFBC}") = "ConsoleApp1", "ConsoleApp1.csproj", "{F693C8AE-8F74-4CFB-860E-8D0FAD4DFCA8}"
EndProject
Global
	GlobalSection(SolutionConfigurationPlatforms) = preSolution
		Debug|Any CPU = Debug|Any CPU
		Release|Any CPU = Release|Any CPU
	EndGlobalSection
	GlobalSection(ProjectConfigurationPlatforms) = postSolution
		{F693C8AE-8F74-4CFB-860E-8D0FAD4DFCA8}.Debug|Any CPU.ActiveCfg = Debug|Any CPU
		{F693C8AE-8F74-4CFB-860E-8D0FAD4DFCA8}.Debug|Any CPU.Build.0 = Debug|Any CPU
		{F693C8AE-8F74-4CFB-860E-8D0FAD4DFCA8}.Release|Any CPU.ActiveCfg = Release|Any CPU
		{F693C8AE-8F74-4CFB-860E-8D0FAD4DFCA8}.Release|Any CPU.Build.0 = Release|Any CPU
	EndGlobalSection
	GlobalSection(SolutionProperties) = preSolution
		HideSolutionNode = FALSE
	EndGlobalSection
	GlobalSection(ExtensibilityGlobals) = postSolution
		SolutionGuid = {F7ACF19D-FAE0-4E2F-B6D1-76A6C65167F2}
	EndGlobalSection
EndGlobal
